
Microsoft Visual Studio Solution File, Format Version 12.00
Project("{FAE04EC0-301F-11D3-BF4B-00C04F79EFBC}") = "Ims.DemoPlatform.NotificationsService", "src\Ims.DemoPlatform.NotificationsService\Ims.DemoPlatform.NotificationsService.csproj", "{58223995-90C6-4AD6-BE44-F200F5307FDD}"
EndProject
Project("{FAE04EC0-301F-11D3-BF4B-00C04F79EFBC}") = "Ims.DemoPlatform.Core", "src\Ims.DemoPlatform.Core\Ims.DemoPlatform.Core.csproj", "{710396F7-EE1B-4907-849F-14042104C5BB}"
EndProject
Project("{FAE04EC0-301F-11D3-BF4B-00C04F79EFBC}") = "Ims.DemoPlatform.WebApi.Core", "src\Ims.DemoPlatform.WebApi.Core\Ims.DemoPlatform.WebApi.Core.csproj", "{3C04C6E8-0131-46F9-AA11-A09B6C820F6D}"
EndProject
Project("{2150E333-8FDC-42A3-9474-1A3956D46DE8}") = "Core", "Core", "{D910A51A-5735-482E-BD01-716264A4671F}"
EndProject
Project("{2150E333-8FDC-42A3-9474-1A3956D46DE8}") = "Services", "Services", "{767134BD-35CC-4BF0-A019-0D794987E979}"
EndProject
Project("{FAE04EC0-301F-11D3-BF4B-00C04F79EFBC}") = "Ims.DemoPlatform.Projects.API", "src\Ims.DemoPlatform.Projects.API\Ims.DemoPlatform.Projects.API.csproj", "{B75DE53F-C8CD-4E63-8C88-3814672E5FE3}"
EndProject
Project("{FAE04EC0-301F-11D3-BF4B-00C04F79EFBC}") = "Ims.DemoPlatform.Identity.API", "src\Ims.DemoPlatform.Identity.API\Ims.DemoPlatform.Identity.API.csproj", "{9894D154-FB42-4A84-88E2-1DB8C4106D3F}"
EndProject
Project("{FAE04EC0-301F-11D3-BF4B-00C04F79EFBC}") = "Ims.DemoPlatform.Tasks.API", "src\Ims.DemoPlatform.Tasks.API\Ims.DemoPlatform.Tasks.API.csproj", "{A1B2C3D4-E5F6-7890-ABCD-EF1234567890}"
EndProject
Project("{2150E333-8FDC-42A3-9474-1A3956D46DE8}") = "src", "src", "{827E0CD3-B72D-47B6-A68D-7590B98EB39B}"
EndProject
Project("{FAE04EC0-301F-11D3-BF4B-00C04F79EFBC}") = "Ims.DemoPlatform.Gateway.API", "src\Ims.DemoPlatform.Gateway.API\Ims.DemoPlatform.Gateway.API.csproj", "{1341E4C5-0A3A-4507-9FDE-D3A40077FD7F}"
EndProject
Global
	GlobalSection(SolutionConfigurationPlatforms) = preSolution
		Debug|Any CPU = Debug|Any CPU
		Debug|x64 = Debug|x64
		Debug|x86 = Debug|x86
		Release|Any CPU = Release|Any CPU
		Release|x64 = Release|x64
		Release|x86 = Release|x86
	EndGlobalSection
	GlobalSection(ProjectConfigurationPlatforms) = postSolution
		{58223995-90C6-4AD6-BE44-F200F5307FDD}.Debug|Any CPU.ActiveCfg = Debug|Any CPU
		{58223995-90C6-4AD6-BE44-F200F5307FDD}.Debug|Any CPU.Build.0 = Debug|Any CPU
		{58223995-90C6-4AD6-BE44-F200F5307FDD}.Debug|x64.ActiveCfg = Debug|Any CPU
		{58223995-90C6-4AD6-BE44-F200F5307FDD}.Debug|x64.Build.0 = Debug|Any CPU
		{58223995-90C6-4AD6-BE44-F200F5307FDD}.Debug|x86.ActiveCfg = Debug|Any CPU
		{58223995-90C6-4AD6-BE44-F200F5307FDD}.Debug|x86.Build.0 = Debug|Any CPU
		{58223995-90C6-4AD6-BE44-F200F5307FDD}.Release|Any CPU.ActiveCfg = Release|Any CPU
		{58223995-90C6-4AD6-BE44-F200F5307FDD}.Release|Any CPU.Build.0 = Release|Any CPU
		{58223995-90C6-4AD6-BE44-F200F5307FDD}.Release|x64.ActiveCfg = Release|Any CPU
		{58223995-90C6-4AD6-BE44-F200F5307FDD}.Release|x64.Build.0 = Release|Any CPU
		{58223995-90C6-4AD6-BE44-F200F5307FDD}.Release|x86.ActiveCfg = Release|Any CPU
		{58223995-90C6-4AD6-BE44-F200F5307FDD}.Release|x86.Build.0 = Release|Any CPU
		{710396F7-EE1B-4907-849F-14042104C5BB}.Debug|Any CPU.ActiveCfg = Debug|Any CPU
		{710396F7-EE1B-4907-849F-14042104C5BB}.Debug|Any CPU.Build.0 = Debug|Any CPU
		{710396F7-EE1B-4907-849F-14042104C5BB}.Debug|x64.ActiveCfg = Debug|Any CPU
		{710396F7-EE1B-4907-849F-14042104C5BB}.Debug|x64.Build.0 = Debug|Any CPU
		{710396F7-EE1B-4907-849F-14042104C5BB}.Debug|x86.ActiveCfg = Debug|Any CPU
		{710396F7-EE1B-4907-849F-14042104C5BB}.Debug|x86.Build.0 = Debug|Any CPU
		{710396F7-EE1B-4907-849F-14042104C5BB}.Release|Any CPU.ActiveCfg = Release|Any CPU
		{710396F7-EE1B-4907-849F-14042104C5BB}.Release|Any CPU.Build.0 = Release|Any CPU
		{710396F7-EE1B-4907-849F-14042104C5BB}.Release|x64.ActiveCfg = Release|Any CPU
		{710396F7-EE1B-4907-849F-14042104C5BB}.Release|x64.Build.0 = Release|Any CPU
		{710396F7-EE1B-4907-849F-14042104C5BB}.Release|x86.ActiveCfg = Release|Any CPU
		{710396F7-EE1B-4907-849F-14042104C5BB}.Release|x86.Build.0 = Release|Any CPU
		{3C04C6E8-0131-46F9-AA11-A09B6C820F6D}.Debug|Any CPU.ActiveCfg = Debug|Any CPU
		{3C04C6E8-0131-46F9-AA11-A09B6C820F6D}.Debug|Any CPU.Build.0 = Debug|Any CPU
		{3C04C6E8-0131-46F9-AA11-A09B6C820F6D}.Debug|x64.ActiveCfg = Debug|Any CPU
		{3C04C6E8-0131-46F9-AA11-A09B6C820F6D}.Debug|x64.Build.0 = Debug|Any CPU
		{3C04C6E8-0131-46F9-AA11-A09B6C820F6D}.Debug|x86.ActiveCfg = Debug|Any CPU
		{3C04C6E8-0131-46F9-AA11-A09B6C820F6D}.Debug|x86.Build.0 = Debug|Any CPU
		{3C04C6E8-0131-46F9-AA11-A09B6C820F6D}.Release|Any CPU.ActiveCfg = Release|Any CPU
		{3C04C6E8-0131-46F9-AA11-A09B6C820F6D}.Release|Any CPU.Build.0 = Release|Any CPU
		{3C04C6E8-0131-46F9-AA11-A09B6C820F6D}.Release|x64.ActiveCfg = Release|Any CPU
		{3C04C6E8-0131-46F9-AA11-A09B6C820F6D}.Release|x64.Build.0 = Release|Any CPU
		{3C04C6E8-0131-46F9-AA11-A09B6C820F6D}.Release|x86.ActiveCfg = Release|Any CPU
		{3C04C6E8-0131-46F9-AA11-A09B6C820F6D}.Release|x86.Build.0 = Release|Any CPU
		{B75DE53F-C8CD-4E63-8C88-3814672E5FE3}.Debug|Any CPU.ActiveCfg = Debug|Any CPU
		{B75DE53F-C8CD-4E63-8C88-3814672E5FE3}.Debug|Any CPU.Build.0 = Debug|Any CPU
		{B75DE53F-C8CD-4E63-8C88-3814672E5FE3}.Debug|x64.ActiveCfg = Debug|Any CPU
		{B75DE53F-C8CD-4E63-8C88-3814672E5FE3}.Debug|x64.Build.0 = Debug|Any CPU
		{B75DE53F-C8CD-4E63-8C88-3814672E5FE3}.Debug|x86.ActiveCfg = Debug|Any CPU
		{B75DE53F-C8CD-4E63-8C88-3814672E5FE3}.Debug|x86.Build.0 = Debug|Any CPU
		{B75DE53F-C8CD-4E63-8C88-3814672E5FE3}.Release|Any CPU.ActiveCfg = Release|Any CPU
		{B75DE53F-C8CD-4E63-8C88-3814672E5FE3}.Release|Any CPU.Build.0 = Release|Any CPU
		{B75DE53F-C8CD-4E63-8C88-3814672E5FE3}.Release|x64.ActiveCfg = Release|Any CPU
		{B75DE53F-C8CD-4E63-8C88-3814672E5FE3}.Release|x64.Build.0 = Release|Any CPU
		{B75DE53F-C8CD-4E63-8C88-3814672E5FE3}.Release|x86.ActiveCfg = Release|Any CPU
		{B75DE53F-C8CD-4E63-8C88-3814672E5FE3}.Release|x86.Build.0 = Release|Any CPU
		{9894D154-FB42-4A84-88E2-1DB8C4106D3F}.Debug|Any CPU.ActiveCfg = Debug|Any CPU
		{9894D154-FB42-4A84-88E2-1DB8C4106D3F}.Debug|Any CPU.Build.0 = Debug|Any CPU
		{9894D154-FB42-4A84-88E2-1DB8C4106D3F}.Debug|x64.ActiveCfg = Debug|Any CPU
		{9894D154-FB42-4A84-88E2-1DB8C4106D3F}.Debug|x64.Build.0 = Debug|Any CPU
		{9894D154-FB42-4A84-88E2-1DB8C4106D3F}.Debug|x86.ActiveCfg = Debug|Any CPU
		{9894D154-FB42-4A84-88E2-1DB8C4106D3F}.Debug|x86.Build.0 = Debug|Any CPU
		{9894D154-FB42-4A84-88E2-1DB8C4106D3F}.Release|Any CPU.ActiveCfg = Release|Any CPU
		{9894D154-FB42-4A84-88E2-1DB8C4106D3F}.Release|Any CPU.Build.0 = Release|Any CPU
		{9894D154-FB42-4A84-88E2-1DB8C4106D3F}.Release|x64.ActiveCfg = Release|Any CPU
		{9894D154-FB42-4A84-88E2-1DB8C4106D3F}.Release|x64.Build.0 = Release|Any CPU
		{9894D154-FB42-4A84-88E2-1DB8C4106D3F}.Release|x86.ActiveCfg = Release|Any CPU
		{9894D154-FB42-4A84-88E2-1DB8C4106D3F}.Release|x86.Build.0 = Release|Any CPU
		{A1B2C3D4-E5F6-7890-ABCD-EF1234567890}.Debug|Any CPU.ActiveCfg = Debug|Any CPU
		{A1B2C3D4-E5F6-7890-ABCD-EF1234567890}.Debug|Any CPU.Build.0 = Debug|Any CPU
		{A1B2C3D4-E5F6-7890-ABCD-EF1234567890}.Debug|x64.ActiveCfg = Debug|Any CPU
		{A1B2C3D4-E5F6-7890-ABCD-EF1234567890}.Debug|x64.Build.0 = Debug|Any CPU
		{A1B2C3D4-E5F6-7890-ABCD-EF1234567890}.Debug|x86.ActiveCfg = Debug|Any CPU
		{A1B2C3D4-E5F6-7890-ABCD-EF1234567890}.Debug|x86.Build.0 = Debug|Any CPU
		{A1B2C3D4-E5F6-7890-ABCD-EF1234567890}.Release|Any CPU.ActiveCfg = Release|Any CPU
		{A1B2C3D4-E5F6-7890-ABCD-EF1234567890}.Release|Any CPU.Build.0 = Release|Any CPU
		{A1B2C3D4-E5F6-7890-ABCD-EF1234567890}.Release|x64.ActiveCfg = Release|Any CPU
		{A1B2C3D4-E5F6-7890-ABCD-EF1234567890}.Release|x64.Build.0 = Release|Any CPU
		{A1B2C3D4-E5F6-7890-ABCD-EF1234567890}.Release|x86.ActiveCfg = Release|Any CPU
		{A1B2C3D4-E5F6-7890-ABCD-EF1234567890}.Release|x86.Build.0 = Release|Any CPU
		{1341E4C5-0A3A-4507-9FDE-D3A40077FD7F}.Debug|Any CPU.ActiveCfg = Debug|Any CPU
		{1341E4C5-0A3A-4507-9FDE-D3A40077FD7F}.Debug|Any CPU.Build.0 = Debug|Any CPU
		{1341E4C5-0A3A-4507-9FDE-D3A40077FD7F}.Debug|x64.ActiveCfg = Debug|Any CPU
		{1341E4C5-0A3A-4507-9FDE-D3A40077FD7F}.Debug|x64.Build.0 = Debug|Any CPU
		{1341E4C5-0A3A-4507-9FDE-D3A40077FD7F}.Debug|x86.ActiveCfg = Debug|Any CPU
		{1341E4C5-0A3A-4507-9FDE-D3A40077FD7F}.Debug|x86.Build.0 = Debug|Any CPU
		{1341E4C5-0A3A-4507-9FDE-D3A40077FD7F}.Release|Any CPU.ActiveCfg = Release|Any CPU
		{1341E4C5-0A3A-4507-9FDE-D3A40077FD7F}.Release|Any CPU.Build.0 = Release|Any CPU
		{1341E4C5-0A3A-4507-9FDE-D3A40077FD7F}.Release|x64.ActiveCfg = Release|Any CPU
		{1341E4C5-0A3A-4507-9FDE-D3A40077FD7F}.Release|x64.Build.0 = Release|Any CPU
		{1341E4C5-0A3A-4507-9FDE-D3A40077FD7F}.Release|x86.ActiveCfg = Release|Any CPU
		{1341E4C5-0A3A-4507-9FDE-D3A40077FD7F}.Release|x86.Build.0 = Release|Any CPU
	EndGlobalSection
	GlobalSection(SolutionProperties) = preSolution
		HideSolutionNode = FALSE
	EndGlobalSection
	GlobalSection(NestedProjects) = preSolution
		{58223995-90C6-4AD6-BE44-F200F5307FDD} = {767134BD-35CC-4BF0-A019-0D794987E979}
		{710396F7-EE1B-4907-849F-14042104C5BB} = {D910A51A-5735-482E-BD01-716264A4671F}
		{3C04C6E8-0131-46F9-AA11-A09B6C820F6D} = {D910A51A-5735-482E-BD01-716264A4671F}
		{B75DE53F-C8CD-4E63-8C88-3814672E5FE3} = {767134BD-35CC-4BF0-A019-0D794987E979}
		{9894D154-FB42-4A84-88E2-1DB8C4106D3F} = {767134BD-35CC-4BF0-A019-0D794987E979}
		{A1B2C3D4-E5F6-7890-ABCD-EF1234567890} = {767134BD-35CC-4BF0-A019-0D794987E979}
		{1341E4C5-0A3A-4507-9FDE-D3A40077FD7F} = {827E0CD3-B72D-47B6-A68D-7590B98EB39B}
	EndGlobalSection
EndGlobal
