
Microsoft Visual Studio Solution File, Format Version 12.00
Project("{FAE04EC0-301F-11D3-BF4B-00C04F79EFBC}") = "Ims.DemoPlatform.Identity.API", "src\Ims.DemoPlatform.Identity.API\Ims.DemoPlatform.Identity.API.csproj", "{A65BE1D1-BF73-48AF-A07E-356BDCB91504}"
EndProject
Project("{FAE04EC0-301F-11D3-BF4B-00C04F79EFBC}") = "Ims.DemoPlatform.NotificationService", "src\Ims.DemoPlatform.NotificationService\Ims.DemoPlatform.NotificationService.csproj", "{58223995-90C6-4AD6-BE44-F200F5307FDD}"
EndProject
Project("{FAE04EC0-301F-11D3-BF4B-00C04F79EFBC}") = "Ims.DemoPlatform.Core", "src\Ims.DemoPlatform.Core\Ims.DemoPlatform.Core.csproj", "{710396F7-EE1B-4907-849F-14042104C5BB}"
EndProject
Project("{FAE04EC0-301F-11D3-BF4B-00C04F79EFBC}") = "Ims.DemoPlatform.WebApi.Core", "src\Ims.DemoPlatform.WebApi.Core\Ims.DemoPlatform.WebApi.Core.csproj", "{3C04C6E8-0131-46F9-AA11-A09B6C820F6D}"
EndProject
Project("{2150E333-8FDC-42A3-9474-1A3956D46DE8}") = "Core", "Core", "{D910A51A-5735-482E-BD01-716264A4671F}"
EndProject
Global
	GlobalSection(SolutionConfigurationPlatforms) = preSolution
		Debug|Any CPU = Debug|Any CPU
		Release|Any CPU = Release|Any CPU
	EndGlobalSection
	GlobalSection(ProjectConfigurationPlatforms) = postSolution
		{A65BE1D1-BF73-48AF-A07E-356BDCB91504}.Debug|Any CPU.ActiveCfg = Debug|Any CPU
		{A65BE1D1-BF73-48AF-A07E-356BDCB91504}.Debug|Any CPU.Build.0 = Debug|Any CPU
		{A65BE1D1-BF73-48AF-A07E-356BDCB91504}.Release|Any CPU.ActiveCfg = Release|Any CPU
		{A65BE1D1-BF73-48AF-A07E-356BDCB91504}.Release|Any CPU.Build.0 = Release|Any CPU
		{58223995-90C6-4AD6-BE44-F200F5307FDD}.Debug|Any CPU.ActiveCfg = Debug|Any CPU
		{58223995-90C6-4AD6-BE44-F200F5307FDD}.Debug|Any CPU.Build.0 = Debug|Any CPU
		{58223995-90C6-4AD6-BE44-F200F5307FDD}.Release|Any CPU.ActiveCfg = Release|Any CPU
		{58223995-90C6-4AD6-BE44-F200F5307FDD}.Release|Any CPU.Build.0 = Release|Any CPU
		{710396F7-EE1B-4907-849F-14042104C5BB}.Debug|Any CPU.ActiveCfg = Debug|Any CPU
		{710396F7-EE1B-4907-849F-14042104C5BB}.Debug|Any CPU.Build.0 = Debug|Any CPU
		{710396F7-EE1B-4907-849F-14042104C5BB}.Release|Any CPU.ActiveCfg = Release|Any CPU
		{710396F7-EE1B-4907-849F-14042104C5BB}.Release|Any CPU.Build.0 = Release|Any CPU
		{3C04C6E8-0131-46F9-AA11-A09B6C820F6D}.Debug|Any CPU.ActiveCfg = Debug|Any CPU
		{3C04C6E8-0131-46F9-AA11-A09B6C820F6D}.Debug|Any CPU.Build.0 = Debug|Any CPU
		{3C04C6E8-0131-46F9-AA11-A09B6C820F6D}.Release|Any CPU.ActiveCfg = Release|Any CPU
		{3C04C6E8-0131-46F9-AA11-A09B6C820F6D}.Release|Any CPU.Build.0 = Release|Any CPU
	EndGlobalSection
	GlobalSection(NestedProjects) = preSolution
		{710396F7-EE1B-4907-849F-14042104C5BB} = {D910A51A-5735-482E-BD01-716264A4671F}
		{3C04C6E8-0131-46F9-AA11-A09B6C820F6D} = {D910A51A-5735-482E-BD01-716264A4671F}
	EndGlobalSection
EndGlobal
